
Microsoft Visual Studio Solution File, Format Version 11.00
# Visual Studio 2010
Project("{FAE04EC0-301F-11D3-BF4B-00C04F79EFBC}") = "Testing", "Testing\Testing.csproj", "{F7E3CD72-D9B5-4DF7-BA8E-C7314E5AA2A1}"
EndProject
Global
	GlobalSection(SolutionConfigurationPlatforms) = preSolution
		Debug|x86 = Debug|x86
		Release|x86 = Release|x86
	EndGlobalSection
	GlobalSection(ProjectConfigurationPlatforms) = postSolution
		{F7E3CD72-D9B5-4DF7-BA8E-C7314E5AA2A1}.Debug|x86.ActiveCfg = Debug|x86
		{F7E3CD72-D9B5-4DF7-BA8E-C7314E5AA2A1}.Debug|x86.Build.0 = Debug|x86
		{F7E3CD72-D9B5-4DF7-BA8E-C7314E5AA2A1}.Release|x86.ActiveCfg = Release|x86
		{F7E3CD72-D9B5-4DF7-BA8E-C7314E5AA2A1}.Release|x86.Build.0 = Release|x86
	EndGlobalSection
	GlobalSection(SolutionProperties) = preSolution
		HideSolutionNode = FALSE
	EndGlobalSection
EndGlobal
